
Microsoft Visual Studio Solution File, Format Version 12.00
# Visual Studio Version 16
VisualStudioVersion = 16.0.36422.26
MinimumVisualStudioVersion = 10.0.40219.1
Project("{8BC9CEB8-8B4A-11D0-8D11-00A0C91BC942}") = "Injector_Code_Cave", "Injector_Code_Cave\Injector_Code_Cave.vcxproj", "{21B63CC0-30EC-4520-B10F-D45EA7524516}"
EndProject
Global
	GlobalSection(SolutionConfigurationPlatforms) = preSolution
		Debug|x64 = Debug|x64
		Debug|x86 = Debug|x86
		Release|x64 = Release|x64
		Release|x86 = Release|x86
	EndGlobalSection
	GlobalSection(ProjectConfigurationPlatforms) = postSolution
		{21B63CC0-30EC-4520-B10F-D45EA7524516}.Debug|x64.ActiveCfg = Debug|x64
		{21B63CC0-30EC-4520-B10F-D45EA7524516}.Debug|x64.Build.0 = Debug|x64
		{21B63CC0-30EC-4520-B10F-D45EA7524516}.Debug|x86.ActiveCfg = Debug|Win32
		{21B63CC0-30EC-4520-B10F-D45EA7524516}.Debug|x86.Build.0 = Debug|Win32
		{21B63CC0-30EC-4520-B10F-D45EA7524516}.Release|x64.ActiveCfg = Release|x64
		{21B63CC0-30EC-4520-B10F-D45EA7524516}.Release|x64.Build.0 = Release|x64
		{21B63CC0-30EC-4520-B10F-D45EA7524516}.Release|x86.ActiveCfg = Release|Win32
		{21B63CC0-30EC-4520-B10F-D45EA7524516}.Release|x86.Build.0 = Release|Win32
	EndGlobalSection
	GlobalSection(SolutionProperties) = preSolution
		HideSolutionNode = FALSE
	EndGlobalSection
	GlobalSection(ExtensibilityGlobals) = postSolution
		SolutionGuid = {AD049FBD-86E5-4FDC-ABBA-2AA06E4CEB11}
	EndGlobalSection
EndGlobal
